// !$*UTF8*$!
{
	archiveVersion = 1;
	classes = {
	};
	objectVersion = 46;
	objects = {

/* Begin PBXBuildFile section */
		4DD233FA66530D69A09FF2F2 /* Pods_househive.framework in Frameworks */ = {isa = PBXBuildFile; fileRef = C4B49AB512F72EDB01805FD7 /* Pods_househive.framework */; };
		793E041C1EA9CCED00DB398A /* GoogleService-Info.plist in Resources */ = {isa = PBXBuildFile; fileRef = 793E041B1EA9CCED00DB398A /* GoogleService-Info.plist */; };
		793E041F1EAA5B8200DB398A /* FirebaseAuthServices.swift in Sources */ = {isa = PBXBuildFile; fileRef = 793E041E1EAA5B8200DB398A /* FirebaseAuthServices.swift */; };
		793E04211EAA70A000DB398A /* FirebaseDataServices.swift in Sources */ = {isa = PBXBuildFile; fileRef = 793E04201EAA70A000DB398A /* FirebaseDataServices.swift */; };
		793E04231EAA9A6900DB398A /* UserDetails.swift in Sources */ = {isa = PBXBuildFile; fileRef = 793E04221EAA9A6900DB398A /* UserDetails.swift */; };
		793E04251EAA9ACD00DB398A /* Address.swift in Sources */ = {isa = PBXBuildFile; fileRef = 793E04241EAA9ACD00DB398A /* Address.swift */; };
		793E04271EAA9C7A00DB398A /* Post.swift in Sources */ = {isa = PBXBuildFile; fileRef = 793E04261EAA9C7A00DB398A /* Post.swift */; };
		793E04291EAAA14D00DB398A /* SettingsViewController.swift in Sources */ = {isa = PBXBuildFile; fileRef = 793E04281EAAA14D00DB398A /* SettingsViewController.swift */; };
		79EA0F891EA41633002DCED9 /* AppDelegate.swift in Sources */ = {isa = PBXBuildFile; fileRef = 79EA0F881EA41633002DCED9 /* AppDelegate.swift */; };
		79EA0F8B1EA41633002DCED9 /* SignInViewController.swift in Sources */ = {isa = PBXBuildFile; fileRef = 79EA0F8A1EA41633002DCED9 /* SignInViewController.swift */; };
		79EA0F8E1EA41633002DCED9 /* Main.storyboard in Resources */ = {isa = PBXBuildFile; fileRef = 79EA0F8C1EA41633002DCED9 /* Main.storyboard */; };
		79EA0F901EA41633002DCED9 /* Assets.xcassets in Resources */ = {isa = PBXBuildFile; fileRef = 79EA0F8F1EA41633002DCED9 /* Assets.xcassets */; };
		79EA0F931EA41633002DCED9 /* LaunchScreen.storyboard in Resources */ = {isa = PBXBuildFile; fileRef = 79EA0F911EA41633002DCED9 /* LaunchScreen.storyboard */; };
		79EA0F9E1EA41DAF002DCED9 /* CustomizedTextFieldView.swift in Sources */ = {isa = PBXBuildFile; fileRef = 79EA0F9D1EA41DAF002DCED9 /* CustomizedTextFieldView.swift */; };
		79EA0FA01EA41E02002DCED9 /* AppIconView.swift in Sources */ = {isa = PBXBuildFile; fileRef = 79EA0F9F1EA41E02002DCED9 /* AppIconView.swift */; };
		79EA0FA31EA41E93002DCED9 /* Constants.swift in Sources */ = {isa = PBXBuildFile; fileRef = 79EA0FA21EA41E93002DCED9 /* Constants.swift */; };
		79EA0FA51EA4211D002DCED9 /* CustomizedBtn.swift in Sources */ = {isa = PBXBuildFile; fileRef = 79EA0FA41EA4211D002DCED9 /* CustomizedBtn.swift */; };
		79EA0FA71EA43A07002DCED9 /* SignUpViewController.swift in Sources */ = {isa = PBXBuildFile; fileRef = 79EA0FA61EA43A07002DCED9 /* SignUpViewController.swift */; };
		79EA0FA91EA45415002DCED9 /* HousehiveTabViewController.swift in Sources */ = {isa = PBXBuildFile; fileRef = 79EA0FA81EA45415002DCED9 /* HousehiveTabViewController.swift */; };
		79EA0FAB1EA45CDF002DCED9 /* LandScreenViewController.swift in Sources */ = {isa = PBXBuildFile; fileRef = 79EA0FAA1EA45CDF002DCED9 /* LandScreenViewController.swift */; };
/* End PBXBuildFile section */

/* Begin PBXFileReference section */
		1BDD175CAA290C50623686E9 /* Pods-househive.release.xcconfig */ = {isa = PBXFileReference; includeInIndex = 1; lastKnownFileType = text.xcconfig; name = "Pods-househive.release.xcconfig"; path = "Pods/Target Support Files/Pods-househive/Pods-househive.release.xcconfig"; sourceTree = "<group>"; };
		6A64A15DCDEBA8F0FA915D82 /* Pods-househive.debug.xcconfig */ = {isa = PBXFileReference; includeInIndex = 1; lastKnownFileType = text.xcconfig; name = "Pods-househive.debug.xcconfig"; path = "Pods/Target Support Files/Pods-househive/Pods-househive.debug.xcconfig"; sourceTree = "<group>"; };
		793E041B1EA9CCED00DB398A /* GoogleService-Info.plist */ = {isa = PBXFileReference; fileEncoding = 4; lastKnownFileType = text.plist.xml; path = "GoogleService-Info.plist"; sourceTree = "<group>"; };
		793E041E1EAA5B8200DB398A /* FirebaseAuthServices.swift */ = {isa = PBXFileReference; fileEncoding = 4; lastKnownFileType = sourcecode.swift; path = FirebaseAuthServices.swift; sourceTree = "<group>"; };
		793E04201EAA70A000DB398A /* FirebaseDataServices.swift */ = {isa = PBXFileReference; fileEncoding = 4; lastKnownFileType = sourcecode.swift; path = FirebaseDataServices.swift; sourceTree = "<group>"; };
		793E04221EAA9A6900DB398A /* UserDetails.swift */ = {isa = PBXFileReference; fileEncoding = 4; lastKnownFileType = sourcecode.swift; path = UserDetails.swift; sourceTree = "<group>"; };
		793E04241EAA9ACD00DB398A /* Address.swift */ = {isa = PBXFileReference; fileEncoding = 4; lastKnownFileType = sourcecode.swift; path = Address.swift; sourceTree = "<group>"; };
		793E04261EAA9C7A00DB398A /* Post.swift */ = {isa = PBXFileReference; fileEncoding = 4; lastKnownFileType = sourcecode.swift; path = Post.swift; sourceTree = "<group>"; };
		793E04281EAAA14D00DB398A /* SettingsViewController.swift */ = {isa = PBXFileReference; fileEncoding = 4; lastKnownFileType = sourcecode.swift; path = SettingsViewController.swift; sourceTree = "<group>"; };
		79EA0F851EA41633002DCED9 /* househive.app */ = {isa = PBXFileReference; explicitFileType = wrapper.application; includeInIndex = 0; path = househive.app; sourceTree = BUILT_PRODUCTS_DIR; };
		79EA0F881EA41633002DCED9 /* AppDelegate.swift */ = {isa = PBXFileReference; lastKnownFileType = sourcecode.swift; path = AppDelegate.swift; sourceTree = "<group>"; };
		79EA0F8A1EA41633002DCED9 /* SignInViewController.swift */ = {isa = PBXFileReference; lastKnownFileType = sourcecode.swift; path = SignInViewController.swift; sourceTree = "<group>"; };
		79EA0F8D1EA41633002DCED9 /* Base */ = {isa = PBXFileReference; lastKnownFileType = file.storyboard; name = Base; path = Base.lproj/Main.storyboard; sourceTree = "<group>"; };
		79EA0F8F1EA41633002DCED9 /* Assets.xcassets */ = {isa = PBXFileReference; lastKnownFileType = folder.assetcatalog; path = Assets.xcassets; sourceTree = "<group>"; };
		79EA0F921EA41633002DCED9 /* Base */ = {isa = PBXFileReference; lastKnownFileType = file.storyboard; name = Base; path = Base.lproj/LaunchScreen.storyboard; sourceTree = "<group>"; };
		79EA0F941EA41633002DCED9 /* Info.plist */ = {isa = PBXFileReference; lastKnownFileType = text.plist.xml; path = Info.plist; sourceTree = "<group>"; };
		79EA0F9D1EA41DAF002DCED9 /* CustomizedTextFieldView.swift */ = {isa = PBXFileReference; fileEncoding = 4; lastKnownFileType = sourcecode.swift; path = CustomizedTextFieldView.swift; sourceTree = "<group>"; };
		79EA0F9F1EA41E02002DCED9 /* AppIconView.swift */ = {isa = PBXFileReference; fileEncoding = 4; lastKnownFileType = sourcecode.swift; path = AppIconView.swift; sourceTree = "<group>"; };
		79EA0FA21EA41E93002DCED9 /* Constants.swift */ = {isa = PBXFileReference; fileEncoding = 4; lastKnownFileType = sourcecode.swift; path = Constants.swift; sourceTree = "<group>"; };
		79EA0FA41EA4211D002DCED9 /* CustomizedBtn.swift */ = {isa = PBXFileReference; fileEncoding = 4; lastKnownFileType = sourcecode.swift; path = CustomizedBtn.swift; sourceTree = "<group>"; };
		79EA0FA61EA43A07002DCED9 /* SignUpViewController.swift */ = {isa = PBXFileReference; fileEncoding = 4; lastKnownFileType = sourcecode.swift; path = SignUpViewController.swift; sourceTree = "<group>"; };
		79EA0FA81EA45415002DCED9 /* HousehiveTabViewController.swift */ = {isa = PBXFileReference; fileEncoding = 4; lastKnownFileType = sourcecode.swift; path = HousehiveTabViewController.swift; sourceTree = "<group>"; };
		79EA0FAA1EA45CDF002DCED9 /* LandScreenViewController.swift */ = {isa = PBXFileReference; fileEncoding = 4; lastKnownFileType = sourcecode.swift; path = LandScreenViewController.swift; sourceTree = "<group>"; };
		C4B49AB512F72EDB01805FD7 /* Pods_househive.framework */ = {isa = PBXFileReference; explicitFileType = wrapper.framework; includeInIndex = 0; path = Pods_househive.framework; sourceTree = BUILT_PRODUCTS_DIR; };
/* End PBXFileReference section */

/* Begin PBXFrameworksBuildPhase section */
		79EA0F821EA41633002DCED9 /* Frameworks */ = {
			isa = PBXFrameworksBuildPhase;
			buildActionMask = 2147483647;
			files = (
				4DD233FA66530D69A09FF2F2 /* Pods_househive.framework in Frameworks */,
			);
			runOnlyForDeploymentPostprocessing = 0;
		};
/* End PBXFrameworksBuildPhase section */

/* Begin PBXGroup section */
		07F1B117DE358F15F6F0E1DD /* Pods */ = {
			isa = PBXGroup;
			children = (
				6A64A15DCDEBA8F0FA915D82 /* Pods-househive.debug.xcconfig */,
				1BDD175CAA290C50623686E9 /* Pods-househive.release.xcconfig */,
			);
			name = Pods;
			sourceTree = "<group>";
		};
		5A08FB40E1B7AF9C45981518 /* Frameworks */ = {
			isa = PBXGroup;
			children = (
				C4B49AB512F72EDB01805FD7 /* Pods_househive.framework */,
			);
			name = Frameworks;
			sourceTree = "<group>";
		};
		793E041D1EAA567D00DB398A /* services */ = {
			isa = PBXGroup;
			children = (
				793E041E1EAA5B8200DB398A /* FirebaseAuthServices.swift */,
				793E04201EAA70A000DB398A /* FirebaseDataServices.swift */,
			);
			name = services;
			sourceTree = "<group>";
		};
		79EA0F7C1EA41633002DCED9 = {
			isa = PBXGroup;
			children = (
				79EA0F871EA41633002DCED9 /* househive */,
				79EA0F861EA41633002DCED9 /* Products */,
				07F1B117DE358F15F6F0E1DD /* Pods */,
				5A08FB40E1B7AF9C45981518 /* Frameworks */,
			);
			sourceTree = "<group>";
		};
		79EA0F861EA41633002DCED9 /* Products */ = {
			isa = PBXGroup;
			children = (
				79EA0F851EA41633002DCED9 /* househive.app */,
			);
			name = Products;
			sourceTree = "<group>";
		};
		79EA0F871EA41633002DCED9 /* househive */ = {
			isa = PBXGroup;
			children = (
				793E041D1EAA567D00DB398A /* services */,
				79EA0FA11EA41E82002DCED9 /* Util */,
				79EA0F9B1EA4166C002DCED9 /* models */,
				79EA0F9C1EA41674002DCED9 /* views */,
				79EA0F9A1EA41664002DCED9 /* controllers */,
				79EA0F881EA41633002DCED9 /* AppDelegate.swift */,
				79EA0F8C1EA41633002DCED9 /* Main.storyboard */,
				79EA0F8F1EA41633002DCED9 /* Assets.xcassets */,
				79EA0F911EA41633002DCED9 /* LaunchScreen.storyboard */,
				793E041B1EA9CCED00DB398A /* GoogleService-Info.plist */,
				79EA0F941EA41633002DCED9 /* Info.plist */,
			);
			path = househive;
			sourceTree = "<group>";
		};
		79EA0F9A1EA41664002DCED9 /* controllers */ = {
			isa = PBXGroup;
			children = (
				79EA0F8A1EA41633002DCED9 /* SignInViewController.swift */,
				79EA0FA61EA43A07002DCED9 /* SignUpViewController.swift */,
				79EA0FA81EA45415002DCED9 /* HousehiveTabViewController.swift */,
				79EA0FAA1EA45CDF002DCED9 /* LandScreenViewController.swift */,
				793E04281EAAA14D00DB398A /* SettingsViewController.swift */,
			);
			name = controllers;
			sourceTree = "<group>";
		};
		79EA0F9B1EA4166C002DCED9 /* models */ = {
			isa = PBXGroup;
			children = (
				793E04221EAA9A6900DB398A /* UserDetails.swift */,
				793E04241EAA9ACD00DB398A /* Address.swift */,
				793E04261EAA9C7A00DB398A /* Post.swift */,
			);
			name = models;
			sourceTree = "<group>";
		};
		79EA0F9C1EA41674002DCED9 /* views */ = {
			isa = PBXGroup;
			children = (
				79EA0F9D1EA41DAF002DCED9 /* CustomizedTextFieldView.swift */,
				79EA0F9F1EA41E02002DCED9 /* AppIconView.swift */,
				79EA0FA41EA4211D002DCED9 /* CustomizedBtn.swift */,
			);
			name = views;
			sourceTree = "<group>";
		};
		79EA0FA11EA41E82002DCED9 /* Util */ = {
			isa = PBXGroup;
			children = (
				79EA0FA21EA41E93002DCED9 /* Constants.swift */,
			);
			name = Util;
			sourceTree = "<group>";
		};
/* End PBXGroup section */

/* Begin PBXNativeTarget section */
		79EA0F841EA41633002DCED9 /* househive */ = {
			isa = PBXNativeTarget;
			buildConfigurationList = 79EA0F971EA41633002DCED9 /* Build configuration list for PBXNativeTarget "househive" */;
			buildPhases = (
				F983FFE9D0A76722C39BA4FA /* [CP] Check Pods Manifest.lock */,
				79EA0F811EA41633002DCED9 /* Sources */,
				79EA0F821EA41633002DCED9 /* Frameworks */,
				79EA0F831EA41633002DCED9 /* Resources */,
				666A42E955B329EFB7DCB082 /* [CP] Embed Pods Frameworks */,
				AA4E4717C9DEC3BA261F7616 /* [CP] Copy Pods Resources */,
			);
			buildRules = (
			);
			dependencies = (
			);
			name = househive;
			productName = househive;
			productReference = 79EA0F851EA41633002DCED9 /* househive.app */;
			productType = "com.apple.product-type.application";
		};
/* End PBXNativeTarget section */

/* Begin PBXProject section */
		79EA0F7D1EA41633002DCED9 /* Project object */ = {
			isa = PBXProject;
			attributes = {
				LastSwiftUpdateCheck = 0730;
				LastUpgradeCheck = 0730;
				ORGANIZATIONNAME = "Piduri Venkata Santhosh";
				TargetAttributes = {
					79EA0F841EA41633002DCED9 = {
						CreatedOnToolsVersion = 7.3.1;
					};
				};
			};
			buildConfigurationList = 79EA0F801EA41633002DCED9 /* Build configuration list for PBXProject "househive" */;
			compatibilityVersion = "Xcode 3.2";
			developmentRegion = English;
			hasScannedForEncodings = 0;
			knownRegions = (
				en,
				Base,
			);
			mainGroup = 79EA0F7C1EA41633002DCED9;
			productRefGroup = 79EA0F861EA41633002DCED9 /* Products */;
			projectDirPath = "";
			projectRoot = "";
			targets = (
				79EA0F841EA41633002DCED9 /* househive */,
			);
		};
/* End PBXProject section */

/* Begin PBXResourcesBuildPhase section */
		79EA0F831EA41633002DCED9 /* Resources */ = {
			isa = PBXResourcesBuildPhase;
			buildActionMask = 2147483647;
			files = (
				793E041C1EA9CCED00DB398A /* GoogleService-Info.plist in Resources */,
				79EA0F931EA41633002DCED9 /* LaunchScreen.storyboard in Resources */,
				79EA0F901EA41633002DCED9 /* Assets.xcassets in Resources */,
				79EA0F8E1EA41633002DCED9 /* Main.storyboard in Resources */,
			);
			runOnlyForDeploymentPostprocessing = 0;
		};
/* End PBXResourcesBuildPhase section */

/* Begin PBXShellScriptBuildPhase section */
		666A42E955B329EFB7DCB082 /* [CP] Embed Pods Frameworks */ = {
			isa = PBXShellScriptBuildPhase;
			buildActionMask = 2147483647;
			files = (
			);
			inputPaths = (
			);
			name = "[CP] Embed Pods Frameworks";
			outputPaths = (
			);
			runOnlyForDeploymentPostprocessing = 0;
			shellPath = /bin/sh;
			shellScript = "\"${SRCROOT}/Pods/Target Support Files/Pods-househive/Pods-househive-frameworks.sh\"\n";
			showEnvVarsInLog = 0;
		};
		AA4E4717C9DEC3BA261F7616 /* [CP] Copy Pods Resources */ = {
			isa = PBXShellScriptBuildPhase;
			buildActionMask = 2147483647;
			files = (
			);
			inputPaths = (
			);
			name = "[CP] Copy Pods Resources";
			outputPaths = (
			);
			runOnlyForDeploymentPostprocessing = 0;
			shellPath = /bin/sh;
			shellScript = "\"${SRCROOT}/Pods/Target Support Files/Pods-househive/Pods-househive-resources.sh\"\n";
			showEnvVarsInLog = 0;
		};
		F983FFE9D0A76722C39BA4FA /* [CP] Check Pods Manifest.lock */ = {
			isa = PBXShellScriptBuildPhase;
			buildActionMask = 2147483647;
			files = (
			);
			inputPaths = (
			);
			name = "[CP] Check Pods Manifest.lock";
			outputPaths = (
			);
			runOnlyForDeploymentPostprocessing = 0;
			shellPath = /bin/sh;
			shellScript = "diff \"${PODS_ROOT}/../Podfile.lock\" \"${PODS_ROOT}/Manifest.lock\" > /dev/null\nif [ $? != 0 ] ; then\n    # print error to STDERR\n    echo \"error: The sandbox is not in sync with the Podfile.lock. Run 'pod install' or update your CocoaPods installation.\" >&2\n    exit 1\nfi\n";
			showEnvVarsInLog = 0;
		};
/* End PBXShellScriptBuildPhase section */

/* Begin PBXSourcesBuildPhase section */
		79EA0F811EA41633002DCED9 /* Sources */ = {
			isa = PBXSourcesBuildPhase;
			buildActionMask = 2147483647;
			files = (
				79EA0FA31EA41E93002DCED9 /* Constants.swift in Sources */,
				79EA0FA71EA43A07002DCED9 /* SignUpViewController.swift in Sources */,
				793E04251EAA9ACD00DB398A /* Address.swift in Sources */,
				79EA0FA91EA45415002DCED9 /* HousehiveTabViewController.swift in Sources */,
				793E04211EAA70A000DB398A /* FirebaseDataServices.swift in Sources */,
				793E04271EAA9C7A00DB398A /* Post.swift in Sources */,
				79EA0F8B1EA41633002DCED9 /* SignInViewController.swift in Sources */,
				793E04231EAA9A6900DB398A /* UserDetails.swift in Sources */,
				793E04291EAAA14D00DB398A /* SettingsViewController.swift in Sources */,
				79EA0FA01EA41E02002DCED9 /* AppIconView.swift in Sources */,
				79EA0FA51EA4211D002DCED9 /* CustomizedBtn.swift in Sources */,
				793E041F1EAA5B8200DB398A /* FirebaseAuthServices.swift in Sources */,
				79EA0F9E1EA41DAF002DCED9 /* CustomizedTextFieldView.swift in Sources */,
				79EA0FAB1EA45CDF002DCED9 /* LandScreenViewController.swift in Sources */,
				79EA0F891EA41633002DCED9 /* AppDelegate.swift in Sources */,
			);
			runOnlyForDeploymentPostprocessing = 0;
		};
/* End PBXSourcesBuildPhase section */

/* Begin PBXVariantGroup section */
		79EA0F8C1EA41633002DCED9 /* Main.storyboard */ = {
			isa = PBXVariantGroup;
			children = (
				79EA0F8D1EA41633002DCED9 /* Base */,
			);
			name = Main.storyboard;
			sourceTree = "<group>";
		};
		79EA0F911EA41633002DCED9 /* LaunchScreen.storyboard */ = {
			isa = PBXVariantGroup;
			children = (
				79EA0F921EA41633002DCED9 /* Base */,
			);
			name = LaunchScreen.storyboard;
			sourceTree = "<group>";
		};
/* End PBXVariantGroup section */

/* Begin XCBuildConfiguration section */
		79EA0F951EA41633002DCED9 /* Debug */ = {
			isa = XCBuildConfiguration;
			buildSettings = {
				ALWAYS_SEARCH_USER_PATHS = NO;
				CLANG_ANALYZER_NONNULL = YES;
				CLANG_CXX_LANGUAGE_STANDARD = "gnu++0x";
				CLANG_CXX_LIBRARY = "libc++";
				CLANG_ENABLE_MODULES = YES;
				CLANG_ENABLE_OBJC_ARC = YES;
				CLANG_WARN_BOOL_CONVERSION = YES;
				CLANG_WARN_CONSTANT_CONVERSION = YES;
				CLANG_WARN_DIRECT_OBJC_ISA_USAGE = YES_ERROR;
				CLANG_WARN_EMPTY_BODY = YES;
				CLANG_WARN_ENUM_CONVERSION = YES;
				CLANG_WARN_INT_CONVERSION = YES;
				CLANG_WARN_OBJC_ROOT_CLASS = YES_ERROR;
				CLANG_WARN_UNREACHABLE_CODE = YES;
				CLANG_WARN__DUPLICATE_METHOD_MATCH = YES;
				"CODE_SIGN_IDENTITY[sdk=iphoneos*]" = "iPhone Developer";
				COPY_PHASE_STRIP = NO;
				DEBUG_INFORMATION_FORMAT = dwarf;
				ENABLE_STRICT_OBJC_MSGSEND = YES;
				ENABLE_TESTABILITY = YES;
				GCC_C_LANGUAGE_STANDARD = gnu99;
				GCC_DYNAMIC_NO_PIC = NO;
				GCC_NO_COMMON_BLOCKS = YES;
				GCC_OPTIMIZATION_LEVEL = 0;
				GCC_PREPROCESSOR_DEFINITIONS = (
					"DEBUG=1",
					"$(inherited)",
				);
				GCC_WARN_64_TO_32_BIT_CONVERSION = YES;
				GCC_WARN_ABOUT_RETURN_TYPE = YES_ERROR;
				GCC_WARN_UNDECLARED_SELECTOR = YES;
				GCC_WARN_UNINITIALIZED_AUTOS = YES_AGGRESSIVE;
				GCC_WARN_UNUSED_FUNCTION = YES;
				GCC_WARN_UNUSED_VARIABLE = YES;
				IPHONEOS_DEPLOYMENT_TARGET = 9.3;
				MTL_ENABLE_DEBUG_INFO = YES;
				ONLY_ACTIVE_ARCH = YES;
				SDKROOT = iphoneos;
				SWIFT_OPTIMIZATION_LEVEL = "-Onone";
			};
			name = Debug;
		};
		79EA0F961EA41633002DCED9 /* Release */ = {
			isa = XCBuildConfiguration;
			buildSettings = {
				ALWAYS_SEARCH_USER_PATHS = NO;
				CLANG_ANALYZER_NONNULL = YES;
				CLANG_CXX_LANGUAGE_STANDARD = "gnu++0x";
				CLANG_CXX_LIBRARY = "libc++";
				CLANG_ENABLE_MODULES = YES;
				CLANG_ENABLE_OBJC_ARC = YES;
				CLANG_WARN_BOOL_CONVERSION = YES;
				CLANG_WARN_CONSTANT_CONVERSION = YES;
				CLANG_WARN_DIRECT_OBJC_ISA_USAGE = YES_ERROR;
				CLANG_WARN_EMPTY_BODY = YES;
				CLANG_WARN_ENUM_CONVERSION = YES;
				CLANG_WARN_INT_CONVERSION = YES;
				CLANG_WARN_OBJC_ROOT_CLASS = YES_ERROR;
				CLANG_WARN_UNREACHABLE_CODE = YES;
				CLANG_WARN__DUPLICATE_METHOD_MATCH = YES;
				"CODE_SIGN_IDENTITY[sdk=iphoneos*]" = "iPhone Developer";
				COPY_PHASE_STRIP = NO;
				DEBUG_INFORMATION_FORMAT = "dwarf-with-dsym";
				ENABLE_NS_ASSERTIONS = NO;
				ENABLE_STRICT_OBJC_MSGSEND = YES;
				GCC_C_LANGUAGE_STANDARD = gnu99;
				GCC_NO_COMMON_BLOCKS = YES;
				GCC_WARN_64_TO_32_BIT_CONVERSION = YES;
				GCC_WARN_ABOUT_RETURN_TYPE = YES_ERROR;
				GCC_WARN_UNDECLARED_SELECTOR = YES;
				GCC_WARN_UNINITIALIZED_AUTOS = YES_AGGRESSIVE;
				GCC_WARN_UNUSED_FUNCTION = YES;
				GCC_WARN_UNUSED_VARIABLE = YES;
				IPHONEOS_DEPLOYMENT_TARGET = 9.3;
				MTL_ENABLE_DEBUG_INFO = NO;
				SDKROOT = iphoneos;
				VALIDATE_PRODUCT = YES;
			};
			name = Release;
		};
		79EA0F981EA41633002DCED9 /* Debug */ = {
			isa = XCBuildConfiguration;
			baseConfigurationReference = 6A64A15DCDEBA8F0FA915D82 /* Pods-househive.debug.xcconfig */;
			buildSettings = {
				ASSETCATALOG_COMPILER_APPICON_NAME = AppIcon;
				INFOPLIST_FILE = househive/Info.plist;
				LD_RUNPATH_SEARCH_PATHS = "$(inherited) @executable_path/Frameworks";
				PRODUCT_BUNDLE_IDENTIFIER = edu.syr.map.vepiduri.househive;
				PRODUCT_NAME = "$(TARGET_NAME)";
			};
			name = Debug;
		};
		79EA0F991EA41633002DCED9 /* Release */ = {
			isa = XCBuildConfiguration;
			baseConfigurationReference = 1BDD175CAA290C50623686E9 /* Pods-househive.release.xcconfig */;
			buildSettings = {
				ASSETCATALOG_COMPILER_APPICON_NAME = AppIcon;
				INFOPLIST_FILE = househive/Info.plist;
				LD_RUNPATH_SEARCH_PATHS = "$(inherited) @executable_path/Frameworks";
				PRODUCT_BUNDLE_IDENTIFIER = edu.syr.map.vepiduri.househive;
				PRODUCT_NAME = "$(TARGET_NAME)";
			};
			name = Release;
		};
/* End XCBuildConfiguration section */

/* Begin XCConfigurationList section */
		79EA0F801EA41633002DCED9 /* Build configuration list for PBXProject "househive" */ = {
			isa = XCConfigurationList;
			buildConfigurations = (
				79EA0F951EA41633002DCED9 /* Debug */,
				79EA0F961EA41633002DCED9 /* Release */,
			);
			defaultConfigurationIsVisible = 0;
			defaultConfigurationName = Release;
		};
		79EA0F971EA41633002DCED9 /* Build configuration list for PBXNativeTarget "househive" */ = {
			isa = XCConfigurationList;
			buildConfigurations = (
				79EA0F981EA41633002DCED9 /* Debug */,
				79EA0F991EA41633002DCED9 /* Release */,
			);
			defaultConfigurationIsVisible = 0;
			defaultConfigurationName = Release;
		};
/* End XCConfigurationList section */
	};
	rootObject = 79EA0F7D1EA41633002DCED9 /* Project object */;
}
